
Microsoft Visual Studio Solution File, Format Version 12.00
# Visual Studio Version 16
VisualStudioVersion = 16.0.31605.320
MinimumVisualStudioVersion = 10.0.40219.1
Project("{FAE04EC0-301F-11D3-BF4B-00C04F79EFBC}") = "PizzaPattern", "PizzaPattern.csproj", "{EFAFE2DB-3A03-4335-89F2-FE0E861456B9}"
EndProject
Global
	GlobalSection(SolutionConfigurationPlatforms) = preSolution
		Debug|Any CPU = Debug|Any CPU
		Release|Any CPU = Release|Any CPU
	EndGlobalSection
	GlobalSection(ProjectConfigurationPlatforms) = postSolution
		{EFAFE2DB-3A03-4335-89F2-FE0E861456B9}.Debug|Any CPU.ActiveCfg = Debug|Any CPU
		{EFAFE2DB-3A03-4335-89F2-FE0E861456B9}.Debug|Any CPU.Build.0 = Debug|Any CPU
		{EFAFE2DB-3A03-4335-89F2-FE0E861456B9}.Release|Any CPU.ActiveCfg = Release|Any CPU
		{EFAFE2DB-3A03-4335-89F2-FE0E861456B9}.Release|Any CPU.Build.0 = Release|Any CPU
	EndGlobalSection
	GlobalSection(SolutionProperties) = preSolution
		HideSolutionNode = FALSE
	EndGlobalSection
	GlobalSection(ExtensibilityGlobals) = postSolution
		SolutionGuid = {8242E32E-764A-40EC-B9D0-A1DA9A20E138}
	EndGlobalSection
EndGlobal
